<?xml version="1.0" encoding="utf-8"?>
<Project ToolsVersion="4.0" xmlns="http://schemas.microsoft.com/developer/msbuild/2003">
  <ItemGroup>
    <Filter Include="Crono">
      <UniqueIdentifier>{E6D3FB0C-52E8-23BE-1B6A-C71D873D20EF}</UniqueIdentifier>
    </Filter>
    <Filter Include="Crono\Application">
      <UniqueIdentifier>{A91870C2-152F-6E58-5EA6-F979CAFB3EE0}</UniqueIdentifier>
    </Filter>
    <Filter Include="Crono\Core">
      <UniqueIdentifier>{FE5753AE-EA0F-95FB-5317-6E573FEE2FEC}</UniqueIdentifier>
    </Filter>
    <Filter Include="Crono\Events">
      <UniqueIdentifier>{0A61AB95-F6C3-3A3A-9F49-73F08B8B06BD}</UniqueIdentifier>
    </Filter>
    <Filter Include="Crono\ImGui">
      <UniqueIdentifier>{901D2979-FCD2-A16E-85C7-9B45F17B9872}</UniqueIdentifier>
    </Filter>
    <Filter Include="Platform">
      <UniqueIdentifier>{2AC788B4-1694-E3BF-3FAD-D1672BD9184E}</UniqueIdentifier>
    </Filter>
    <Filter Include="Platform\Linux">
      <UniqueIdentifier>{C9310D94-B5FF-009A-9E93-71C08A00DDFE}</UniqueIdentifier>
    </Filter>
    <Filter Include="Platform\Win32">
      <UniqueIdentifier>{8C36D494-7804-C89A-6198-38C14D05A4FF}</UniqueIdentifier>
    </Filter>
  </ItemGroup>
  <ItemGroup>
    <ClInclude Include="src\Crono.h" />
    <ClInclude Include="src\Crono\Application\Application.h">
      <Filter>Crono\Application</Filter>
    </ClInclude>
    <ClInclude Include="src\Crono\Core\Base.h">
      <Filter>Crono\Core</Filter>
    </ClInclude>
    <ClInclude Include="src\Crono\Core\KeyCodes.h">
      <Filter>Crono\Core</Filter>
    </ClInclude>
    <ClInclude Include="src\Crono\Core\Layer.h">
      <Filter>Crono\Core</Filter>
    </ClInclude>
    <ClInclude Include="src\Crono\Core\LayerStack.h">
      <Filter>Crono\Core</Filter>
    </ClInclude>
    <ClInclude Include="src\Crono\Core\Log.h">
      <Filter>Crono\Core</Filter>
    </ClInclude>
    <ClInclude Include="src\Crono\Core\MouseCodes.h">
      <Filter>Crono\Core</Filter>
    </ClInclude>
    <ClInclude Include="src\Crono\Core\PlatformDetection.h">
      <Filter>Crono\Core</Filter>
    </ClInclude>
    <ClInclude Include="src\Crono\Core\Timestep.h">
      <Filter>Crono\Core</Filter>
    </ClInclude>
    <ClInclude Include="src\Crono\Core\Window.h">
      <Filter>Crono\Core</Filter>
    </ClInclude>
    <ClInclude Include="src\Crono\Events\ApplicationEvent.h">
      <Filter>Crono\Events</Filter>
    </ClInclude>
    <ClInclude Include="src\Crono\Events\Event.h">
      <Filter>Crono\Events</Filter>
    </ClInclude>
    <ClInclude Include="src\Crono\Events\KeyEvent.h">
      <Filter>Crono\Events</Filter>
    </ClInclude>
    <ClInclude Include="src\Crono\Events\MouseEvent.h">
      <Filter>Crono\Events</Filter>
    </ClInclude>
    <ClInclude Include="src\Crono\ImGui\ImGuiLayer.h">
      <Filter>Crono\ImGui</Filter>
    </ClInclude>
    <ClInclude Include="src\Crono\ImGui\imconfig.h">
      <Filter>Crono\ImGui</Filter>
    </ClInclude>
    <ClInclude Include="src\Crono\ImGui\imgui.h">
      <Filter>Crono\ImGui</Filter>
    </ClInclude>
    <ClInclude Include="src\Crono\ImGui\imgui_impl_glfw.h">
      <Filter>Crono\ImGui</Filter>
    </ClInclude>
    <ClInclude Include="src\Crono\ImGui\imgui_impl_opengl3.h">
      <Filter>Crono\ImGui</Filter>
    </ClInclude>
    <ClInclude Include="src\Crono\ImGui\imgui_impl_opengl3_loader.h">
      <Filter>Crono\ImGui</Filter>
    </ClInclude>
    <ClInclude Include="src\Crono\ImGui\imgui_impl_win32.h">
      <Filter>Crono\ImGui</Filter>
    </ClInclude>
    <ClInclude Include="src\Crono\ImGui\imgui_internal.h">
      <Filter>Crono\ImGui</Filter>
    </ClInclude>
    <ClInclude Include="src\Crono\ImGui\imstb_rectpack.h">
      <Filter>Crono\ImGui</Filter>
    </ClInclude>
    <ClInclude Include="src\Crono\ImGui\imstb_textedit.h">
      <Filter>Crono\ImGui</Filter>
    </ClInclude>
    <ClInclude Include="src\Crono\ImGui\imstb_truetype.h">
      <Filter>Crono\ImGui</Filter>
    </ClInclude>
    <ClInclude Include="src\Platform\Win32\Win32Window.h">
      <Filter>Platform\Win32</Filter>
    </ClInclude>
    <ClInclude Include="src\crpch.h" />
  </ItemGroup>
  <ItemGroup>
    <ClCompile Include="src\Crono\Application\Application.cpp">
      <Filter>Crono\Application</Filter>
    </ClCompile>
    <ClCompile Include="src\Crono\Core\Layer.cpp">
      <Filter>Crono\Core</Filter>
    </ClCompile>
    <ClCompile Include="src\Crono\Core\LayerStack.cpp">
      <Filter>Crono\Core</Filter>
    </ClCompile>
    <ClCompile Include="src\Crono\Core\Log.cpp">
      <Filter>Crono\Core</Filter>
    </ClCompile>
    <ClCompile Include="src\Crono\Core\Window.cpp">
      <Filter>Crono\Core</Filter>
    </ClCompile>
    <ClCompile Include="src\Crono\ImGui\ImGuiLayer.cpp">
      <Filter>Crono\ImGui</Filter>
    </ClCompile>
    <ClCompile Include="src\Crono\ImGui\imgui.cpp">
      <Filter>Crono\ImGui</Filter>
    </ClCompile>
    <ClCompile Include="src\Crono\ImGui\imgui_demo.cpp">
      <Filter>Crono\ImGui</Filter>
    </ClCompile>
    <ClCompile Include="src\Crono\ImGui\imgui_draw.cpp">
      <Filter>Crono\ImGui</Filter>
    </ClCompile>
    <ClCompile Include="src\Crono\ImGui\imgui_impl_glfw.cpp">
      <Filter>Crono\ImGui</Filter>
    </ClCompile>
    <ClCompile Include="src\Crono\ImGui\imgui_impl_opengl3.cpp">
      <Filter>Crono\ImGui</Filter>
    </ClCompile>
    <ClCompile Include="src\Crono\ImGui\imgui_impl_win32.cpp">
      <Filter>Crono\ImGui</Filter>
    </ClCompile>
    <ClCompile Include="src\Crono\ImGui\imgui_tables.cpp">
      <Filter>Crono\ImGui</Filter>
    </ClCompile>
    <ClCompile Include="src\Crono\ImGui\imgui_widgets.cpp">
      <Filter>Crono\ImGui</Filter>
    </ClCompile>
    <ClCompile Include="src\Platform\Linux\LinuxEntryPoint.cpp">
      <Filter>Platform\Linux</Filter>
    </ClCompile>
    <ClCompile Include="src\Platform\Win32\Win32EntryPoint.cpp">
      <Filter>Platform\Win32</Filter>
    </ClCompile>
    <ClCompile Include="src\Platform\Win32\Win32Window.cpp">
      <Filter>Platform\Win32</Filter>
    </ClCompile>
    <ClCompile Include="src\crpch.cpp" />
  </ItemGroup>
</Project>